
Microsoft Visual Studio Solution File, Format Version 12.00
# Visual Studio Version 17
VisualStudioVersion = 17.3.32901.215
MinimumVisualStudioVersion = 10.0.40219.1
Project("{FAE04EC0-301F-11D3-BF4B-00C04F79EFBC}") = "Game", "Game\Game.csproj", "{5EE5C86F-24D2-4692-8936-5798F4991258}"
EndProject
Global
	GlobalSection(SolutionConfigurationPlatforms) = preSolution
		Debug|Any CPU = Debug|Any CPU
		Release|Any CPU = Release|Any CPU
	EndGlobalSection
	GlobalSection(ProjectConfigurationPlatforms) = postSolution
		{5EE5C86F-24D2-4692-8936-5798F4991258}.Debug|Any CPU.ActiveCfg = Debug|Any CPU
		{5EE5C86F-24D2-4692-8936-5798F4991258}.Debug|Any CPU.Build.0 = Debug|Any CPU
		{5EE5C86F-24D2-4692-8936-5798F4991258}.Release|Any CPU.ActiveCfg = Release|Any CPU
		{5EE5C86F-24D2-4692-8936-5798F4991258}.Release|Any CPU.Build.0 = Release|Any CPU
	EndGlobalSection
	GlobalSection(SolutionProperties) = preSolution
		HideSolutionNode = FALSE
	EndGlobalSection
	GlobalSection(ExtensibilityGlobals) = postSolution
		SolutionGuid = {63ACD3D8-081D-4DA6-90AE-A5FD47E42158}
	EndGlobalSection
EndGlobal
